// !$*UTF8*$!
{
	archiveVersion = 1;
	classes = {
	};
	objectVersion = 50;
	objects = {

/* Begin PBXBuildFile section */
		85F52892214534D50045262B /* AppDelegate.m in Sources */ = {isa = PBXBuildFile; fileRef = 85F52891214534D50045262B /* AppDelegate.m */; };
		85F52895214534D50045262B /* ViewController.m in Sources */ = {isa = PBXBuildFile; fileRef = 85F52894214534D50045262B /* ViewController.m */; };
		85F52898214534D50045262B /* Main.storyboard in Resources */ = {isa = PBXBuildFile; fileRef = 85F52896214534D50045262B /* Main.storyboard */; };
		85F5289A214534EC0045262B /* Assets.xcassets in Resources */ = {isa = PBXBuildFile; fileRef = 85F52899214534EC0045262B /* Assets.xcassets */; };
		85F5289D214534EC0045262B /* LaunchScreen.storyboard in Resources */ = {isa = PBXBuildFile; fileRef = 85F5289B214534EC0045262B /* LaunchScreen.storyboard */; };
		85F528A0214534EC0045262B /* main.m in Sources */ = {isa = PBXBuildFile; fileRef = 85F5289F214534EC0045262B /* main.m */; };
		85F528AA214534EC0045262B /* WhereAmITests.m in Sources */ = {isa = PBXBuildFile; fileRef = 85F528A9214534EC0045262B /* WhereAmITests.m */; };
		85F528B5214534EC0045262B /* WhereAmIUITests.m in Sources */ = {isa = PBXBuildFile; fileRef = 85F528B4214534EC0045262B /* WhereAmIUITests.m */; };
/* End PBXBuildFile section */

/* Begin PBXContainerItemProxy section */
		85F528A6214534EC0045262B /* PBXContainerItemProxy */ = {
			isa = PBXContainerItemProxy;
			containerPortal = 85F52885214534D50045262B /* Project object */;
			proxyType = 1;
			remoteGlobalIDString = 85F5288C214534D50045262B;
			remoteInfo = WhereAmI;
		};
		85F528B1214534EC0045262B /* PBXContainerItemProxy */ = {
			isa = PBXContainerItemProxy;
			containerPortal = 85F52885214534D50045262B /* Project object */;
			proxyType = 1;
			remoteGlobalIDString = 85F5288C214534D50045262B;
			remoteInfo = WhereAmI;
		};
/* End PBXContainerItemProxy section */

/* Begin PBXFileReference section */
		85F5288D214534D50045262B /* WhereAmI.app */ = {isa = PBXFileReference; explicitFileType = wrapper.application; includeInIndex = 0; path = WhereAmI.app; sourceTree = BUILT_PRODUCTS_DIR; };
		85F52890214534D50045262B /* AppDelegate.h */ = {isa = PBXFileReference; lastKnownFileType = sourcecode.c.h; path = AppDelegate.h; sourceTree = "<group>"; };
		85F52891214534D50045262B /* AppDelegate.m */ = {isa = PBXFileReference; lastKnownFileType = sourcecode.c.objc; path = AppDelegate.m; sourceTree = "<group>"; };
		85F52893214534D50045262B /* ViewController.h */ = {isa = PBXFileReference; lastKnownFileType = sourcecode.c.h; path = ViewController.h; sourceTree = "<group>"; };
		85F52894214534D50045262B /* ViewController.m */ = {isa = PBXFileReference; lastKnownFileType = sourcecode.c.objc; path = ViewController.m; sourceTree = "<group>"; };
		85F52897214534D50045262B /* Base */ = {isa = PBXFileReference; lastKnownFileType = file.storyboard; name = Base; path = Base.lproj/Main.storyboard; sourceTree = "<group>"; };
		85F52899214534EC0045262B /* Assets.xcassets */ = {isa = PBXFileReference; lastKnownFileType = folder.assetcatalog; path = Assets.xcassets; sourceTree = "<group>"; };
		85F5289C214534EC0045262B /* Base */ = {isa = PBXFileReference; lastKnownFileType = file.storyboard; name = Base; path = Base.lproj/LaunchScreen.storyboard; sourceTree = "<group>"; };
		85F5289E214534EC0045262B /* Info.plist */ = {isa = PBXFileReference; lastKnownFileType = text.plist.xml; path = Info.plist; sourceTree = "<group>"; };
		85F5289F214534EC0045262B /* main.m */ = {isa = PBXFileReference; lastKnownFileType = sourcecode.c.objc; path = main.m; sourceTree = "<group>"; };
		85F528A5214534EC0045262B /* WhereAmITests.xctest */ = {isa = PBXFileReference; explicitFileType = wrapper.cfbundle; includeInIndex = 0; path = WhereAmITests.xctest; sourceTree = BUILT_PRODUCTS_DIR; };
		85F528A9214534EC0045262B /* WhereAmITests.m */ = {isa = PBXFileReference; lastKnownFileType = sourcecode.c.objc; path = WhereAmITests.m; sourceTree = "<group>"; };
		85F528AB214534EC0045262B /* Info.plist */ = {isa = PBXFileReference; lastKnownFileType = text.plist.xml; path = Info.plist; sourceTree = "<group>"; };
		85F528B0214534EC0045262B /* WhereAmIUITests.xctest */ = {isa = PBXFileReference; explicitFileType = wrapper.cfbundle; includeInIndex = 0; path = WhereAmIUITests.xctest; sourceTree = BUILT_PRODUCTS_DIR; };
		85F528B4214534EC0045262B /* WhereAmIUITests.m */ = {isa = PBXFileReference; lastKnownFileType = sourcecode.c.objc; path = WhereAmIUITests.m; sourceTree = "<group>"; };
		85F528B6214534EC0045262B /* Info.plist */ = {isa = PBXFileReference; lastKnownFileType = text.plist.xml; path = Info.plist; sourceTree = "<group>"; };
/* End PBXFileReference section */

/* Begin PBXFrameworksBuildPhase section */
		85F5288A214534D50045262B /* Frameworks */ = {
			isa = PBXFrameworksBuildPhase;
			buildActionMask = 2147483647;
			files = (
			);
			runOnlyForDeploymentPostprocessing = 0;
		};
		85F528A2214534EC0045262B /* Frameworks */ = {
			isa = PBXFrameworksBuildPhase;
			buildActionMask = 2147483647;
			files = (
			);
			runOnlyForDeploymentPostprocessing = 0;
		};
		85F528AD214534EC0045262B /* Frameworks */ = {
			isa = PBXFrameworksBuildPhase;
			buildActionMask = 2147483647;
			files = (
			);
			runOnlyForDeploymentPostprocessing = 0;
		};
/* End PBXFrameworksBuildPhase section */

/* Begin PBXGroup section */
		85F52884214534D50045262B = {
			isa = PBXGroup;
			children = (
				85F5288F214534D50045262B /* WhereAmI */,
				85F528A8214534EC0045262B /* WhereAmITests */,
				85F528B3214534EC0045262B /* WhereAmIUITests */,
				85F5288E214534D50045262B /* Products */,
			);
			sourceTree = "<group>";
		};
		85F5288E214534D50045262B /* Products */ = {
			isa = PBXGroup;
			children = (
				85F5288D214534D50045262B /* WhereAmI.app */,
				85F528A5214534EC0045262B /* WhereAmITests.xctest */,
				85F528B0214534EC0045262B /* WhereAmIUITests.xctest */,
			);
			name = Products;
			sourceTree = "<group>";
		};
		85F5288F214534D50045262B /* WhereAmI */ = {
			isa = PBXGroup;
			children = (
				85F52890214534D50045262B /* AppDelegate.h */,
				85F52891214534D50045262B /* AppDelegate.m */,
				85F52893214534D50045262B /* ViewController.h */,
				85F52894214534D50045262B /* ViewController.m */,
				85F52896214534D50045262B /* Main.storyboard */,
				85F52899214534EC0045262B /* Assets.xcassets */,
				85F5289B214534EC0045262B /* LaunchScreen.storyboard */,
				85F5289E214534EC0045262B /* Info.plist */,
				85F5289F214534EC0045262B /* main.m */,
			);
			path = WhereAmI;
			sourceTree = "<group>";
		};
		85F528A8214534EC0045262B /* WhereAmITests */ = {
			isa = PBXGroup;
			children = (
				85F528A9214534EC0045262B /* WhereAmITests.m */,
				85F528AB214534EC0045262B /* Info.plist */,
			);
			path = WhereAmITests;
			sourceTree = "<group>";
		};
		85F528B3214534EC0045262B /* WhereAmIUITests */ = {
			isa = PBXGroup;
			children = (
				85F528B4214534EC0045262B /* WhereAmIUITests.m */,
				85F528B6214534EC0045262B /* Info.plist */,
			);
			path = WhereAmIUITests;
			sourceTree = "<group>";
		};
/* End PBXGroup section */

/* Begin PBXNativeTarget section */
		85F5288C214534D50045262B /* WhereAmI */ = {
			isa = PBXNativeTarget;
			buildConfigurationList = 85F528B9214534EC0045262B /* Build configuration list for PBXNativeTarget "WhereAmI" */;
			buildPhases = (
				85F52889214534D50045262B /* Sources */,
				85F5288A214534D50045262B /* Frameworks */,
				85F5288B214534D50045262B /* Resources */,
			);
			buildRules = (
			);
			dependencies = (
			);
			name = WhereAmI;
			productName = WhereAmI;
			productReference = 85F5288D214534D50045262B /* WhereAmI.app */;
			productType = "com.apple.product-type.application";
		};
		85F528A4214534EC0045262B /* WhereAmITests */ = {
			isa = PBXNativeTarget;
			buildConfigurationList = 85F528BC214534EC0045262B /* Build configuration list for PBXNativeTarget "WhereAmITests" */;
			buildPhases = (
				85F528A1214534EC0045262B /* Sources */,
				85F528A2214534EC0045262B /* Frameworks */,
				85F528A3214534EC0045262B /* Resources */,
			);
			buildRules = (
			);
			dependencies = (
				85F528A7214534EC0045262B /* PBXTargetDependency */,
			);
			name = WhereAmITests;
			productName = WhereAmITests;
			productReference = 85F528A5214534EC0045262B /* WhereAmITests.xctest */;
			productType = "com.apple.product-type.bundle.unit-test";
		};
		85F528AF214534EC0045262B /* WhereAmIUITests */ = {
			isa = PBXNativeTarget;
			buildConfigurationList = 85F528BF214534EC0045262B /* Build configuration list for PBXNativeTarget "WhereAmIUITests" */;
			buildPhases = (
				85F528AC214534EC0045262B /* Sources */,
				85F528AD214534EC0045262B /* Frameworks */,
				85F528AE214534EC0045262B /* Resources */,
			);
			buildRules = (
			);
			dependencies = (
				85F528B2214534EC0045262B /* PBXTargetDependency */,
			);
			name = WhereAmIUITests;
			productName = WhereAmIUITests;
			productReference = 85F528B0214534EC0045262B /* WhereAmIUITests.xctest */;
			productType = "com.apple.product-type.bundle.ui-testing";
		};
/* End PBXNativeTarget section */

/* Begin PBXProject section */
		85F52885214534D50045262B /* Project object */ = {
			isa = PBXProject;
			attributes = {
				LastUpgradeCheck = 0940;
				ORGANIZATIONNAME = MERA;
				TargetAttributes = {
					85F5288C214534D50045262B = {
						CreatedOnToolsVersion = 9.4.1;
					};
					85F528A4214534EC0045262B = {
						CreatedOnToolsVersion = 9.4.1;
						TestTargetID = 85F5288C214534D50045262B;
					};
					85F528AF214534EC0045262B = {
						CreatedOnToolsVersion = 9.4.1;
						TestTargetID = 85F5288C214534D50045262B;
					};
				};
			};
			buildConfigurationList = 85F52888214534D50045262B /* Build configuration list for PBXProject "WhereAmI" */;
			compatibilityVersion = "Xcode 9.3";
			developmentRegion = en;
			hasScannedForEncodings = 0;
			knownRegions = (
				en,
				Base,
			);
			mainGroup = 85F52884214534D50045262B;
			productRefGroup = 85F5288E214534D50045262B /* Products */;
			projectDirPath = "";
			projectRoot = "";
			targets = (
				85F5288C214534D50045262B /* WhereAmI */,
				85F528A4214534EC0045262B /* WhereAmITests */,
				85F528AF214534EC0045262B /* WhereAmIUITests */,
			);
		};
/* End PBXProject section */

/* Begin PBXResourcesBuildPhase section */
		85F5288B214534D50045262B /* Resources */ = {
			isa = PBXResourcesBuildPhase;
			buildActionMask = 2147483647;
			files = (
				85F5289D214534EC0045262B /* LaunchScreen.storyboard in Resources */,
				85F5289A214534EC0045262B /* Assets.xcassets in Resources */,
				85F52898214534D50045262B /* Main.storyboard in Resources */,
			);
			runOnlyForDeploymentPostprocessing = 0;
		};
		85F528A3214534EC0045262B /* Resources */ = {
			isa = PBXResourcesBuildPhase;
			buildActionMask = 2147483647;
			files = (
			);
			runOnlyForDeploymentPostprocessing = 0;
		};
		85F528AE214534EC0045262B /* Resources */ = {
			isa = PBXResourcesBuildPhase;
			buildActionMask = 2147483647;
			files = (
			);
			runOnlyForDeploymentPostprocessing = 0;
		};
/* End PBXResourcesBuildPhase section */

/* Begin PBXSourcesBuildPhase section */
		85F52889214534D50045262B /* Sources */ = {
			isa = PBXSourcesBuildPhase;
			buildActionMask = 2147483647;
			files = (
				85F52895214534D50045262B /* ViewController.m in Sources */,
				85F528A0214534EC0045262B /* main.m in Sources */,
				85F52892214534D50045262B /* AppDelegate.m in Sources */,
			);
			runOnlyForDeploymentPostprocessing = 0;
		};
		85F528A1214534EC0045262B /* Sources */ = {
			isa = PBXSourcesBuildPhase;
			buildActionMask = 2147483647;
			files = (
				85F528AA214534EC0045262B /* WhereAmITests.m in Sources */,
			);
			runOnlyForDeploymentPostprocessing = 0;
		};
		85F528AC214534EC0045262B /* Sources */ = {
			isa = PBXSourcesBuildPhase;
			buildActionMask = 2147483647;
			files = (
				85F528B5214534EC0045262B /* WhereAmIUITests.m in Sources */,
			);
			runOnlyForDeploymentPostprocessing = 0;
		};
/* End PBXSourcesBuildPhase section */

/* Begin PBXTargetDependency section */
		85F528A7214534EC0045262B /* PBXTargetDependency */ = {
			isa = PBXTargetDependency;
			target = 85F5288C214534D50045262B /* WhereAmI */;
			targetProxy = 85F528A6214534EC0045262B /* PBXContainerItemProxy */;
		};
		85F528B2214534EC0045262B /* PBXTargetDependency */ = {
			isa = PBXTargetDependency;
			target = 85F5288C214534D50045262B /* WhereAmI */;
			targetProxy = 85F528B1214534EC0045262B /* PBXContainerItemProxy */;
		};
/* End PBXTargetDependency section */

/* Begin PBXVariantGroup section */
		85F52896214534D50045262B /* Main.storyboard */ = {
			isa = PBXVariantGroup;
			children = (
				85F52897214534D50045262B /* Base */,
			);
			name = Main.storyboard;
			sourceTree = "<group>";
		};
		85F5289B214534EC0045262B /* LaunchScreen.storyboard */ = {
			isa = PBXVariantGroup;
			children = (
				85F5289C214534EC0045262B /* Base */,
			);
			name = LaunchScreen.storyboard;
			sourceTree = "<group>";
		};
/* End PBXVariantGroup section */

/* Begin XCBuildConfiguration section */
		85F528B7214534EC0045262B /* Debug */ = {
			isa = XCBuildConfiguration;
			buildSettings = {
				ALWAYS_SEARCH_USER_PATHS = NO;
				CLANG_ANALYZER_NONNULL = YES;
				CLANG_ANALYZER_NUMBER_OBJECT_CONVERSION = YES_AGGRESSIVE;
				CLANG_CXX_LANGUAGE_STANDARD = "gnu++14";
				CLANG_CXX_LIBRARY = "libc++";
				CLANG_ENABLE_MODULES = YES;
				CLANG_ENABLE_OBJC_ARC = YES;
				CLANG_ENABLE_OBJC_WEAK = YES;
				CLANG_WARN_BLOCK_CAPTURE_AUTORELEASING = YES;
				CLANG_WARN_BOOL_CONVERSION = YES;
				CLANG_WARN_COMMA = YES;
				CLANG_WARN_CONSTANT_CONVERSION = YES;
				CLANG_WARN_DEPRECATED_OBJC_IMPLEMENTATIONS = YES;
				CLANG_WARN_DIRECT_OBJC_ISA_USAGE = YES_ERROR;
				CLANG_WARN_DOCUMENTATION_COMMENTS = YES;
				CLANG_WARN_EMPTY_BODY = YES;
				CLANG_WARN_ENUM_CONVERSION = YES;
				CLANG_WARN_INFINITE_RECURSION = YES;
				CLANG_WARN_INT_CONVERSION = YES;
				CLANG_WARN_NON_LITERAL_NULL_CONVERSION = YES;
				CLANG_WARN_OBJC_IMPLICIT_RETAIN_SELF = YES;
				CLANG_WARN_OBJC_LITERAL_CONVERSION = YES;
				CLANG_WARN_OBJC_ROOT_CLASS = YES_ERROR;
				CLANG_WARN_RANGE_LOOP_ANALYSIS = YES;
				CLANG_WARN_STRICT_PROTOTYPES = YES;
				CLANG_WARN_SUSPICIOUS_MOVE = YES;
				CLANG_WARN_UNGUARDED_AVAILABILITY = YES_AGGRESSIVE;
				CLANG_WARN_UNREACHABLE_CODE = YES;
				CLANG_WARN__DUPLICATE_METHOD_MATCH = YES;
				CODE_SIGN_IDENTITY = "iPhone Developer";
				COPY_PHASE_STRIP = NO;
				DEBUG_INFORMATION_FORMAT = dwarf;
				ENABLE_STRICT_OBJC_MSGSEND = YES;
				ENABLE_TESTABILITY = YES;
				GCC_C_LANGUAGE_STANDARD = gnu11;
				GCC_DYNAMIC_NO_PIC = NO;
				GCC_NO_COMMON_BLOCKS = YES;
				GCC_OPTIMIZATION_LEVEL = 0;
				GCC_PREPROCESSOR_DEFINITIONS = (
					"DEBUG=1",
					"$(inherited)",
				);
				GCC_WARN_64_TO_32_BIT_CONVERSION = YES;
				GCC_WARN_ABOUT_RETURN_TYPE = YES_ERROR;
				GCC_WARN_UNDECLARED_SELECTOR = YES;
				GCC_WARN_UNINITIALIZED_AUTOS = YES_AGGRESSIVE;
				GCC_WARN_UNUSED_FUNCTION = YES;
				GCC_WARN_UNUSED_VARIABLE = YES;
				IPHONEOS_DEPLOYMENT_TARGET = 11.4;
				MTL_ENABLE_DEBUG_INFO = YES;
				ONLY_ACTIVE_ARCH = YES;
				SDKROOT = iphoneos;
			};
			name = Debug;
		};
		85F528B8214534EC0045262B /* Release */ = {
			isa = XCBuildConfiguration;
			buildSettings = {
				ALWAYS_SEARCH_USER_PATHS = NO;
				CLANG_ANALYZER_NONNULL = YES;
				CLANG_ANALYZER_NUMBER_OBJECT_CONVERSION = YES_AGGRESSIVE;
				CLANG_CXX_LANGUAGE_STANDARD = "gnu++14";
				CLANG_CXX_LIBRARY = "libc++";
				CLANG_ENABLE_MODULES = YES;
				CLANG_ENABLE_OBJC_ARC = YES;
				CLANG_ENABLE_OBJC_WEAK = YES;
				CLANG_WARN_BLOCK_CAPTURE_AUTORELEASING = YES;
				CLANG_WARN_BOOL_CONVERSION = YES;
				CLANG_WARN_COMMA = YES;
				CLANG_WARN_CONSTANT_CONVERSION = YES;
				CLANG_WARN_DEPRECATED_OBJC_IMPLEMENTATIONS = YES;
				CLANG_WARN_DIRECT_OBJC_ISA_USAGE = YES_ERROR;
				CLANG_WARN_DOCUMENTATION_COMMENTS = YES;
				CLANG_WARN_EMPTY_BODY = YES;
				CLANG_WARN_ENUM_CONVERSION = YES;
				CLANG_WARN_INFINITE_RECURSION = YES;
				CLANG_WARN_INT_CONVERSION = YES;
				CLANG_WARN_NON_LITERAL_NULL_CONVERSION = YES;
				CLANG_WARN_OBJC_IMPLICIT_RETAIN_SELF = YES;
				CLANG_WARN_OBJC_LITERAL_CONVERSION = YES;
				CLANG_WARN_OBJC_ROOT_CLASS = YES_ERROR;
				CLANG_WARN_RANGE_LOOP_ANALYSIS = YES;
				CLANG_WARN_STRICT_PROTOTYPES = YES;
				CLANG_WARN_SUSPICIOUS_MOVE = YES;
				CLANG_WARN_UNGUARDED_AVAILABILITY = YES_AGGRESSIVE;
				CLANG_WARN_UNREACHABLE_CODE = YES;
				CLANG_WARN__DUPLICATE_METHOD_MATCH = YES;
				CODE_SIGN_IDENTITY = "iPhone Developer";
				COPY_PHASE_STRIP = NO;
				DEBUG_INFORMATION_FORMAT = "dwarf-with-dsym";
				ENABLE_NS_ASSERTIONS = NO;
				ENABLE_STRICT_OBJC_MSGSEND = YES;
				GCC_C_LANGUAGE_STANDARD = gnu11;
				GCC_NO_COMMON_BLOCKS = YES;
				GCC_WARN_64_TO_32_BIT_CONVERSION = YES;
				GCC_WARN_ABOUT_RETURN_TYPE = YES_ERROR;
				GCC_WARN_UNDECLARED_SELECTOR = YES;
				GCC_WARN_UNINITIALIZED_AUTOS = YES_AGGRESSIVE;
				GCC_WARN_UNUSED_FUNCTION = YES;
				GCC_WARN_UNUSED_VARIABLE = YES;
				IPHONEOS_DEPLOYMENT_TARGET = 11.4;
				MTL_ENABLE_DEBUG_INFO = NO;
				SDKROOT = iphoneos;
				VALIDATE_PRODUCT = YES;
			};
			name = Release;
		};
		85F528BA214534EC0045262B /* Debug */ = {
			isa = XCBuildConfiguration;
			buildSettings = {
				ASSETCATALOG_COMPILER_APPICON_NAME = AppIcon;
				CODE_SIGN_STYLE = Automatic;
				INFOPLIST_FILE = WhereAmI/Info.plist;
				LD_RUNPATH_SEARCH_PATHS = (
					"$(inherited)",
					"@executable_path/Frameworks",
				);
				PRODUCT_BUNDLE_IDENTIFIER = MERA.acheck.WhereAmI;
				PRODUCT_NAME = "$(TARGET_NAME)";
				TARGETED_DEVICE_FAMILY = "1,2";
			};
			name = Debug;
		};
		85F528BB214534EC0045262B /* Release */ = {
			isa = XCBuildConfiguration;
			buildSettings = {
				ASSETCATALOG_COMPILER_APPICON_NAME = AppIcon;
				CODE_SIGN_STYLE = Automatic;
				INFOPLIST_FILE = WhereAmI/Info.plist;
				LD_RUNPATH_SEARCH_PATHS = (
					"$(inherited)",
					"@executable_path/Frameworks",
				);
				PRODUCT_BUNDLE_IDENTIFIER = MERA.acheck.WhereAmI;
				PRODUCT_NAME = "$(TARGET_NAME)";
				TARGETED_DEVICE_FAMILY = "1,2";
			};
			name = Release;
		};
		85F528BD214534EC0045262B /* Debug */ = {
			isa = XCBuildConfiguration;
			buildSettings = {
				BUNDLE_LOADER = "$(TEST_HOST)";
				CODE_SIGN_STYLE = Automatic;
				INFOPLIST_FILE = WhereAmITests/Info.plist;
				LD_RUNPATH_SEARCH_PATHS = (
					"$(inherited)",
					"@executable_path/Frameworks",
					"@loader_path/Frameworks",
				);
				PRODUCT_BUNDLE_IDENTIFIER = MERA.acheck.WhereAmITests;
				PRODUCT_NAME = "$(TARGET_NAME)";
				TARGETED_DEVICE_FAMILY = "1,2";
				TEST_HOST = "$(BUILT_PRODUCTS_DIR)/WhereAmI.app/WhereAmI";
			};
			name = Debug;
		};
		85F528BE214534EC0045262B /* Release */ = {
			isa = XCBuildConfiguration;
			buildSettings = {
				BUNDLE_LOADER = "$(TEST_HOST)";
				CODE_SIGN_STYLE = Automatic;
				INFOPLIST_FILE = WhereAmITests/Info.plist;
				LD_RUNPATH_SEARCH_PATHS = (
					"$(inherited)",
					"@executable_path/Frameworks",
					"@loader_path/Frameworks",
				);
				PRODUCT_BUNDLE_IDENTIFIER = MERA.acheck.WhereAmITests;
				PRODUCT_NAME = "$(TARGET_NAME)";
				TARGETED_DEVICE_FAMILY = "1,2";
				TEST_HOST = "$(BUILT_PRODUCTS_DIR)/WhereAmI.app/WhereAmI";
			};
			name = Release;
		};
		85F528C0214534EC0045262B /* Debug */ = {
			isa = XCBuildConfiguration;
			buildSettings = {
				CODE_SIGN_STYLE = Automatic;
				INFOPLIST_FILE = WhereAmIUITests/Info.plist;
				LD_RUNPATH_SEARCH_PATHS = (
					"$(inherited)",
					"@executable_path/Frameworks",
					"@loader_path/Frameworks",
				);
				PRODUCT_BUNDLE_IDENTIFIER = MERA.acheck.WhereAmIUITests;
				PRODUCT_NAME = "$(TARGET_NAME)";
				TARGETED_DEVICE_FAMILY = "1,2";
				TEST_TARGET_NAME = WhereAmI;
			};
			name = Debug;
		};
		85F528C1214534EC0045262B /* Release */ = {
			isa = XCBuildConfiguration;
			buildSettings = {
				CODE_SIGN_STYLE = Automatic;
				INFOPLIST_FILE = WhereAmIUITests/Info.plist;
				LD_RUNPATH_SEARCH_PATHS = (
					"$(inherited)",
					"@executable_path/Frameworks",
					"@loader_path/Frameworks",
				);
				PRODUCT_BUNDLE_IDENTIFIER = MERA.acheck.WhereAmIUITests;
				PRODUCT_NAME = "$(TARGET_NAME)";
				TARGETED_DEVICE_FAMILY = "1,2";
				TEST_TARGET_NAME = WhereAmI;
			};
			name = Release;
		};
/* End XCBuildConfiguration section */

/* Begin XCConfigurationList section */
		85F52888214534D50045262B /* Build configuration list for PBXProject "WhereAmI" */ = {
			isa = XCConfigurationList;
			buildConfigurations = (
				85F528B7214534EC0045262B /* Debug */,
				85F528B8214534EC0045262B /* Release */,
			);
			defaultConfigurationIsVisible = 0;
			defaultConfigurationName = Release;
		};
		85F528B9214534EC0045262B /* Build configuration list for PBXNativeTarget "WhereAmI" */ = {
			isa = XCConfigurationList;
			buildConfigurations = (
				85F528BA214534EC0045262B /* Debug */,
				85F528BB214534EC0045262B /* Release */,
			);
			defaultConfigurationIsVisible = 0;
			defaultConfigurationName = Release;
		};
		85F528BC214534EC0045262B /* Build configuration list for PBXNativeTarget "WhereAmITests" */ = {
			isa = XCConfigurationList;
			buildConfigurations = (
				85F528BD214534EC0045262B /* Debug */,
				85F528BE214534EC0045262B /* Release */,
			);
			defaultConfigurationIsVisible = 0;
			defaultConfigurationName = Release;
		};
		85F528BF214534EC0045262B /* Build configuration list for PBXNativeTarget "WhereAmIUITests" */ = {
			isa = XCConfigurationList;
			buildConfigurations = (
				85F528C0214534EC0045262B /* Debug */,
				85F528C1214534EC0045262B /* Release */,
			);
			defaultConfigurationIsVisible = 0;
			defaultConfigurationName = Release;
		};
/* End XCConfigurationList section */
	};
	rootObject = 85F52885214534D50045262B /* Project object */;
}
